
Microsoft Visual Studio Solution File, Format Version 12.00
# Visual Studio Version 16
VisualStudioVersion = 16.0.30002.166
MinimumVisualStudioVersion = 10.0.40219.1
Project("{FAE04EC0-301F-11D3-BF4B-00C04F79EFBC}") = "TestXamForms20200411.Android", "TestXamForms20200411\TestXamForms20200411.Android\TestXamForms20200411.Android.csproj", "{E6F3BCC0-C37F-4024-84B4-5AF1A02700A5}"
EndProject
Project("{FAE04EC0-301F-11D3-BF4B-00C04F79EFBC}") = "TestXamForms20200411", "TestXamForms20200411\TestXamForms20200411\TestXamForms20200411.csproj", "{4E45B79C-E35D-44A7-9896-E7C34305B144}"
EndProject
Global
	GlobalSection(SolutionConfigurationPlatforms) = preSolution
		Debug|Any CPU = Debug|Any CPU
		Release|Any CPU = Release|Any CPU
	EndGlobalSection
	GlobalSection(ProjectConfigurationPlatforms) = postSolution
		{E6F3BCC0-C37F-4024-84B4-5AF1A02700A5}.Debug|Any CPU.ActiveCfg = Debug|Any CPU
		{E6F3BCC0-C37F-4024-84B4-5AF1A02700A5}.Debug|Any CPU.Build.0 = Debug|Any CPU
		{E6F3BCC0-C37F-4024-84B4-5AF1A02700A5}.Debug|Any CPU.Deploy.0 = Debug|Any CPU
		{E6F3BCC0-C37F-4024-84B4-5AF1A02700A5}.Release|Any CPU.ActiveCfg = Release|Any CPU
		{E6F3BCC0-C37F-4024-84B4-5AF1A02700A5}.Release|Any CPU.Build.0 = Release|Any CPU
		{E6F3BCC0-C37F-4024-84B4-5AF1A02700A5}.Release|Any CPU.Deploy.0 = Release|Any CPU
		{4E45B79C-E35D-44A7-9896-E7C34305B144}.Debug|Any CPU.ActiveCfg = Debug|Any CPU
		{4E45B79C-E35D-44A7-9896-E7C34305B144}.Debug|Any CPU.Build.0 = Debug|Any CPU
		{4E45B79C-E35D-44A7-9896-E7C34305B144}.Debug|Any CPU.Deploy.0 = Debug|Any CPU
		{4E45B79C-E35D-44A7-9896-E7C34305B144}.Release|Any CPU.ActiveCfg = Release|Any CPU
		{4E45B79C-E35D-44A7-9896-E7C34305B144}.Release|Any CPU.Build.0 = Release|Any CPU
		{4E45B79C-E35D-44A7-9896-E7C34305B144}.Release|Any CPU.Deploy.0 = Release|Any CPU
	EndGlobalSection
	GlobalSection(SolutionProperties) = preSolution
		HideSolutionNode = FALSE
	EndGlobalSection
	GlobalSection(ExtensibilityGlobals) = postSolution
		SolutionGuid = {F52DD5FB-304C-46DC-B6DE-4760D71E9630}
	EndGlobalSection
EndGlobal
